
Microsoft Visual Studio Solution File, Format Version 12.00
# Visual Studio 2012
Project("{FAE04EC0-301F-11D3-BF4B-00C04F79EFBC}") = "Mixpanel", "Mixpanel\Mixpanel.csproj", "{50E3A1C0-C171-42E5-891F-10DF80E8DAF4}"
EndProject
Global
	GlobalSection(SolutionConfigurationPlatforms) = preSolution
		Debug|Any CPU = Debug|Any CPU
		Release|Any CPU = Release|Any CPU
	EndGlobalSection
	GlobalSection(ProjectConfigurationPlatforms) = postSolution
		{50E3A1C0-C171-42E5-891F-10DF80E8DAF4}.Debug|Any CPU.ActiveCfg = Debug|Any CPU
		{50E3A1C0-C171-42E5-891F-10DF80E8DAF4}.Debug|Any CPU.Build.0 = Debug|Any CPU
		{50E3A1C0-C171-42E5-891F-10DF80E8DAF4}.Release|Any CPU.ActiveCfg = Release|Any CPU
		{50E3A1C0-C171-42E5-891F-10DF80E8DAF4}.Release|Any CPU.Build.0 = Release|Any CPU
	EndGlobalSection
	GlobalSection(SolutionProperties) = preSolution
		HideSolutionNode = FALSE
	EndGlobalSection
EndGlobal
