
Microsoft Visual Studio Solution File, Format Version 12.00
# Visual Studio 2013
VisualStudioVersion = 12.0.30501.0
MinimumVisualStudioVersion = 10.0.40219.1
Project("{FAE04EC0-301F-11D3-BF4B-00C04F79EFBC}") = "Mixpanel.Net40", "Mixpanel\Mixpanel.Net40.csproj", "{B99B24D0-B9CB-4818-9466-BA7D2746FAF3}"
EndProject
Project("{FAE04EC0-301F-11D3-BF4B-00C04F79EFBC}") = "Mixpanel.Tests.Net40", "Mixpanel.Tests\Mixpanel.Tests.Net40.csproj", "{CA0472FD-0FC3-49EE-BFCC-4535CE17B819}"
EndProject
Global
	GlobalSection(SolutionConfigurationPlatforms) = preSolution
		Debug|Any CPU = Debug|Any CPU
		Release|Any CPU = Release|Any CPU
	EndGlobalSection
	GlobalSection(ProjectConfigurationPlatforms) = postSolution
		{B99B24D0-B9CB-4818-9466-BA7D2746FAF3}.Debug|Any CPU.ActiveCfg = Debug|Any CPU
		{B99B24D0-B9CB-4818-9466-BA7D2746FAF3}.Debug|Any CPU.Build.0 = Debug|Any CPU
		{B99B24D0-B9CB-4818-9466-BA7D2746FAF3}.Release|Any CPU.ActiveCfg = Release|Any CPU
		{B99B24D0-B9CB-4818-9466-BA7D2746FAF3}.Release|Any CPU.Build.0 = Release|Any CPU
		{CA0472FD-0FC3-49EE-BFCC-4535CE17B819}.Debug|Any CPU.ActiveCfg = Debug|Any CPU
		{CA0472FD-0FC3-49EE-BFCC-4535CE17B819}.Debug|Any CPU.Build.0 = Debug|Any CPU
		{CA0472FD-0FC3-49EE-BFCC-4535CE17B819}.Release|Any CPU.ActiveCfg = Release|Any CPU
		{CA0472FD-0FC3-49EE-BFCC-4535CE17B819}.Release|Any CPU.Build.0 = Release|Any CPU
	EndGlobalSection
	GlobalSection(SolutionProperties) = preSolution
		HideSolutionNode = FALSE
	EndGlobalSection
EndGlobal
