
Microsoft Visual Studio Solution File, Format Version 12.00
# Visual Studio 2013
VisualStudioVersion = 12.0.40629.0
MinimumVisualStudioVersion = 10.0.40219.1
Project("{FAE04EC0-301F-11D3-BF4B-00C04F79EFBC}") = "Mixpanel.Portable", "Mixpanel\Mixpanel.Portable.csproj", "{455E341A-B4C2-4CEC-A571-B178350A4E46}"
EndProject
Project("{FAE04EC0-301F-11D3-BF4B-00C04F79EFBC}") = "Mixpanel.Tests.Portable", "Mixpanel.Tests\Mixpanel.Tests.Portable.csproj", "{C6668648-6166-4EE2-B0F7-418C8D04BC10}"
EndProject
Global
	GlobalSection(SolutionConfigurationPlatforms) = preSolution
		Debug|Any CPU = Debug|Any CPU
		Release|Any CPU = Release|Any CPU
	EndGlobalSection
	GlobalSection(ProjectConfigurationPlatforms) = postSolution
		{455E341A-B4C2-4CEC-A571-B178350A4E46}.Debug|Any CPU.ActiveCfg = Debug|Any CPU
		{455E341A-B4C2-4CEC-A571-B178350A4E46}.Debug|Any CPU.Build.0 = Debug|Any CPU
		{455E341A-B4C2-4CEC-A571-B178350A4E46}.Release|Any CPU.ActiveCfg = Release|Any CPU
		{455E341A-B4C2-4CEC-A571-B178350A4E46}.Release|Any CPU.Build.0 = Release|Any CPU
		{C6668648-6166-4EE2-B0F7-418C8D04BC10}.Debug|Any CPU.ActiveCfg = Debug|Any CPU
		{C6668648-6166-4EE2-B0F7-418C8D04BC10}.Debug|Any CPU.Build.0 = Debug|Any CPU
		{C6668648-6166-4EE2-B0F7-418C8D04BC10}.Release|Any CPU.ActiveCfg = Release|Any CPU
		{C6668648-6166-4EE2-B0F7-418C8D04BC10}.Release|Any CPU.Build.0 = Release|Any CPU
	EndGlobalSection
	GlobalSection(SolutionProperties) = preSolution
		HideSolutionNode = FALSE
	EndGlobalSection
EndGlobal
